
Microsoft Visual Studio Solution File, Format Version 12.00
# Visual Studio 16
VisualStudioVersion = 16.0.0.0
MinimumVisualStudioVersion = 16.0.0.0
Project("{FAE04EC0-301F-11D3-BF4B-00C04F79EFBC}") = "NPN.Windows", "NPN.Windows\NPN.Windows.csproj", "{84D28B05-2C41-4008-80AA-847FE86C83F1}"
EndProject
Project("{FAE04EC0-301F-11D3-BF4B-00C04F79EFBC}") = "NPN", "NPN\NPN.csproj", "{E10F7ABD-A0B2-44AB-9A0E-46FDFB4781ED}"
EndProject
Global
EndGlobal
